
Microsoft Visual Studio Solution File, Format Version 12.00
# Visual Studio Version 17
VisualStudioVersion = 17.0.31903.59
MinimumVisualStudioVersion = 10.0.40219.1
Project("{FAE04EC0-301F-11D3-BF4B-00C04F79EFBC}") = "Prism.Application", "Prism.Application\Prism.Application.csproj", "{469F24C3-45B5-4935-8CB2-F4CED3682D76}"
EndProject
Project("{FAE04EC0-301F-11D3-BF4B-00C04F79EFBC}") = "Prism.Domain", "Prism.Domain\Prism.Domain.csproj", "{8326B126-A5CC-40B5-9EDF-A736396ED217}"
EndProject
Project("{FAE04EC0-301F-11D3-BF4B-00C04F79EFBC}") = "Prism.Infrastructure", "Prism.Infrastructure\Prism.Infrastructure.csproj", "{6091781D-9B75-47A7-91C1-081D007CD3B7}"
EndProject
Project("{FAE04EC0-301F-11D3-BF4B-00C04F79EFBC}") = "Prism.Presentation", "Prism.Presentation\Prism.Presentation.csproj", "{2C7C1953-250E-40F1-9038-3BEE4EAED752}"
EndProject
Global
	GlobalSection(SolutionConfigurationPlatforms) = preSolution
		Debug|Any CPU = Debug|Any CPU
		Debug|x64 = Debug|x64
		Debug|x86 = Debug|x86
		Release|Any CPU = Release|Any CPU
		Release|x64 = Release|x64
		Release|x86 = Release|x86
	EndGlobalSection
	GlobalSection(ProjectConfigurationPlatforms) = postSolution
		{469F24C3-45B5-4935-8CB2-F4CED3682D76}.Debug|Any CPU.ActiveCfg = Debug|Any CPU
		{469F24C3-45B5-4935-8CB2-F4CED3682D76}.Debug|Any CPU.Build.0 = Debug|Any CPU
		{469F24C3-45B5-4935-8CB2-F4CED3682D76}.Debug|x64.ActiveCfg = Debug|Any CPU
		{469F24C3-45B5-4935-8CB2-F4CED3682D76}.Debug|x64.Build.0 = Debug|Any CPU
		{469F24C3-45B5-4935-8CB2-F4CED3682D76}.Debug|x86.ActiveCfg = Debug|Any CPU
		{469F24C3-45B5-4935-8CB2-F4CED3682D76}.Debug|x86.Build.0 = Debug|Any CPU
		{469F24C3-45B5-4935-8CB2-F4CED3682D76}.Release|Any CPU.ActiveCfg = Release|Any CPU
		{469F24C3-45B5-4935-8CB2-F4CED3682D76}.Release|Any CPU.Build.0 = Release|Any CPU
		{469F24C3-45B5-4935-8CB2-F4CED3682D76}.Release|x64.ActiveCfg = Release|Any CPU
		{469F24C3-45B5-4935-8CB2-F4CED3682D76}.Release|x64.Build.0 = Release|Any CPU
		{469F24C3-45B5-4935-8CB2-F4CED3682D76}.Release|x86.ActiveCfg = Release|Any CPU
		{469F24C3-45B5-4935-8CB2-F4CED3682D76}.Release|x86.Build.0 = Release|Any CPU
		{8326B126-A5CC-40B5-9EDF-A736396ED217}.Debug|Any CPU.ActiveCfg = Debug|Any CPU
		{8326B126-A5CC-40B5-9EDF-A736396ED217}.Debug|Any CPU.Build.0 = Debug|Any CPU
		{8326B126-A5CC-40B5-9EDF-A736396ED217}.Debug|x64.ActiveCfg = Debug|Any CPU
		{8326B126-A5CC-40B5-9EDF-A736396ED217}.Debug|x64.Build.0 = Debug|Any CPU
		{8326B126-A5CC-40B5-9EDF-A736396ED217}.Debug|x86.ActiveCfg = Debug|Any CPU
		{8326B126-A5CC-40B5-9EDF-A736396ED217}.Debug|x86.Build.0 = Debug|Any CPU
		{8326B126-A5CC-40B5-9EDF-A736396ED217}.Release|Any CPU.ActiveCfg = Release|Any CPU
		{8326B126-A5CC-40B5-9EDF-A736396ED217}.Release|Any CPU.Build.0 = Release|Any CPU
		{8326B126-A5CC-40B5-9EDF-A736396ED217}.Release|x64.ActiveCfg = Release|Any CPU
		{8326B126-A5CC-40B5-9EDF-A736396ED217}.Release|x64.Build.0 = Release|Any CPU
		{8326B126-A5CC-40B5-9EDF-A736396ED217}.Release|x86.ActiveCfg = Release|Any CPU
		{8326B126-A5CC-40B5-9EDF-A736396ED217}.Release|x86.Build.0 = Release|Any CPU
		{6091781D-9B75-47A7-91C1-081D007CD3B7}.Debug|Any CPU.ActiveCfg = Debug|Any CPU
		{6091781D-9B75-47A7-91C1-081D007CD3B7}.Debug|Any CPU.Build.0 = Debug|Any CPU
		{6091781D-9B75-47A7-91C1-081D007CD3B7}.Debug|x64.ActiveCfg = Debug|Any CPU
		{6091781D-9B75-47A7-91C1-081D007CD3B7}.Debug|x64.Build.0 = Debug|Any CPU
		{6091781D-9B75-47A7-91C1-081D007CD3B7}.Debug|x86.ActiveCfg = Debug|Any CPU
		{6091781D-9B75-47A7-91C1-081D007CD3B7}.Debug|x86.Build.0 = Debug|Any CPU
		{6091781D-9B75-47A7-91C1-081D007CD3B7}.Release|Any CPU.ActiveCfg = Release|Any CPU
		{6091781D-9B75-47A7-91C1-081D007CD3B7}.Release|Any CPU.Build.0 = Release|Any CPU
		{6091781D-9B75-47A7-91C1-081D007CD3B7}.Release|x64.ActiveCfg = Release|Any CPU
		{6091781D-9B75-47A7-91C1-081D007CD3B7}.Release|x64.Build.0 = Release|Any CPU
		{6091781D-9B75-47A7-91C1-081D007CD3B7}.Release|x86.ActiveCfg = Release|Any CPU
		{6091781D-9B75-47A7-91C1-081D007CD3B7}.Release|x86.Build.0 = Release|Any CPU
		{2C7C1953-250E-40F1-9038-3BEE4EAED752}.Debug|Any CPU.ActiveCfg = Debug|Any CPU
		{2C7C1953-250E-40F1-9038-3BEE4EAED752}.Debug|Any CPU.Build.0 = Debug|Any CPU
		{2C7C1953-250E-40F1-9038-3BEE4EAED752}.Debug|x64.ActiveCfg = Debug|Any CPU
		{2C7C1953-250E-40F1-9038-3BEE4EAED752}.Debug|x64.Build.0 = Debug|Any CPU
		{2C7C1953-250E-40F1-9038-3BEE4EAED752}.Debug|x86.ActiveCfg = Debug|Any CPU
		{2C7C1953-250E-40F1-9038-3BEE4EAED752}.Debug|x86.Build.0 = Debug|Any CPU
		{2C7C1953-250E-40F1-9038-3BEE4EAED752}.Release|Any CPU.ActiveCfg = Release|Any CPU
		{2C7C1953-250E-40F1-9038-3BEE4EAED752}.Release|Any CPU.Build.0 = Release|Any CPU
		{2C7C1953-250E-40F1-9038-3BEE4EAED752}.Release|x64.ActiveCfg = Release|Any CPU
		{2C7C1953-250E-40F1-9038-3BEE4EAED752}.Release|x64.Build.0 = Release|Any CPU
		{2C7C1953-250E-40F1-9038-3BEE4EAED752}.Release|x86.ActiveCfg = Release|Any CPU
		{2C7C1953-250E-40F1-9038-3BEE4EAED752}.Release|x86.Build.0 = Release|Any CPU
	EndGlobalSection
	GlobalSection(SolutionProperties) = preSolution
		HideSolutionNode = FALSE
	EndGlobalSection
EndGlobal
